
Microsoft Visual Studio Solution File, Format Version 12.00
# Visual Studio Version 16
VisualStudioVersion = 16.0.30204.135
MinimumVisualStudioVersion = 10.0.40219.1
Project("{FAE04EC0-301F-11D3-BF4B-00C04F79EFBC}") = "BoloCommnadLine", "BoloCommnadLine\BoloCommnadLine.csproj", "{B9DC5E21-B55B-417E-96ED-1ADAF84C7B9A}"
EndProject
Project("{FAE04EC0-301F-11D3-BF4B-00C04F79EFBC}") = "Bolo.Entities", "Bolo.Entities\Bolo.Entities.csproj", "{7F8B36AC-A575-4A57-8334-6B3C0CB0BE6B}"
EndProject
Project("{FAE04EC0-301F-11D3-BF4B-00C04F79EFBC}") = "Bolo.Logic", "Bolo.Logic\Bolo.Logic.csproj", "{42A6FD80-DEF7-4FDB-AD18-41A251A1C369}"
EndProject
Global
	GlobalSection(SolutionConfigurationPlatforms) = preSolution
		Debug|Any CPU = Debug|Any CPU
		Release|Any CPU = Release|Any CPU
	EndGlobalSection
	GlobalSection(ProjectConfigurationPlatforms) = postSolution
		{B9DC5E21-B55B-417E-96ED-1ADAF84C7B9A}.Debug|Any CPU.ActiveCfg = Debug|Any CPU
		{B9DC5E21-B55B-417E-96ED-1ADAF84C7B9A}.Debug|Any CPU.Build.0 = Debug|Any CPU
		{B9DC5E21-B55B-417E-96ED-1ADAF84C7B9A}.Release|Any CPU.ActiveCfg = Release|Any CPU
		{B9DC5E21-B55B-417E-96ED-1ADAF84C7B9A}.Release|Any CPU.Build.0 = Release|Any CPU
		{7F8B36AC-A575-4A57-8334-6B3C0CB0BE6B}.Debug|Any CPU.ActiveCfg = Debug|Any CPU
		{7F8B36AC-A575-4A57-8334-6B3C0CB0BE6B}.Debug|Any CPU.Build.0 = Debug|Any CPU
		{7F8B36AC-A575-4A57-8334-6B3C0CB0BE6B}.Release|Any CPU.ActiveCfg = Release|Any CPU
		{7F8B36AC-A575-4A57-8334-6B3C0CB0BE6B}.Release|Any CPU.Build.0 = Release|Any CPU
		{42A6FD80-DEF7-4FDB-AD18-41A251A1C369}.Debug|Any CPU.ActiveCfg = Debug|Any CPU
		{42A6FD80-DEF7-4FDB-AD18-41A251A1C369}.Debug|Any CPU.Build.0 = Debug|Any CPU
		{42A6FD80-DEF7-4FDB-AD18-41A251A1C369}.Release|Any CPU.ActiveCfg = Release|Any CPU
		{42A6FD80-DEF7-4FDB-AD18-41A251A1C369}.Release|Any CPU.Build.0 = Release|Any CPU
	EndGlobalSection
	GlobalSection(SolutionProperties) = preSolution
		HideSolutionNode = FALSE
	EndGlobalSection
	GlobalSection(ExtensibilityGlobals) = postSolution
		SolutionGuid = {4AAD20C6-596E-4E9E-BEE9-28C41B400991}
	EndGlobalSection
EndGlobal
